
Microsoft Visual Studio Solution File, Format Version 12.00
# Visual Studio Version 17
VisualStudioVersion = 17.0.32014.148
MinimumVisualStudioVersion = 10.0.40219.1
Project("{FAE04EC0-301F-11D3-BF4B-00C04F79EFBC}") = "ExtractAndImportFiles", "ExtractAndImportFiles\ExtractAndImportFiles.csproj", "{8DF31BB3-CDDB-41EE-A7A9-98651E2A0E85}"
EndProject
Project("{FAE04EC0-301F-11D3-BF4B-00C04F79EFBC}") = "ExtractAndImportFilesConsole", "ExtractAndImportFilesConsole\ExtractAndImportFilesConsole.csproj", "{323E61D7-2761-49C8-99EB-7D450CDFFDD4}"
EndProject
Global
	GlobalSection(SolutionConfigurationPlatforms) = preSolution
		Debug|Any CPU = Debug|Any CPU
		Release|Any CPU = Release|Any CPU
	EndGlobalSection
	GlobalSection(ProjectConfigurationPlatforms) = postSolution
		{8DF31BB3-CDDB-41EE-A7A9-98651E2A0E85}.Debug|Any CPU.ActiveCfg = Debug|Any CPU
		{8DF31BB3-CDDB-41EE-A7A9-98651E2A0E85}.Debug|Any CPU.Build.0 = Debug|Any CPU
		{8DF31BB3-CDDB-41EE-A7A9-98651E2A0E85}.Release|Any CPU.ActiveCfg = Release|Any CPU
		{8DF31BB3-CDDB-41EE-A7A9-98651E2A0E85}.Release|Any CPU.Build.0 = Release|Any CPU
		{323E61D7-2761-49C8-99EB-7D450CDFFDD4}.Debug|Any CPU.ActiveCfg = Debug|Any CPU
		{323E61D7-2761-49C8-99EB-7D450CDFFDD4}.Debug|Any CPU.Build.0 = Debug|Any CPU
		{323E61D7-2761-49C8-99EB-7D450CDFFDD4}.Release|Any CPU.ActiveCfg = Release|Any CPU
		{323E61D7-2761-49C8-99EB-7D450CDFFDD4}.Release|Any CPU.Build.0 = Release|Any CPU
	EndGlobalSection
	GlobalSection(SolutionProperties) = preSolution
		HideSolutionNode = FALSE
	EndGlobalSection
	GlobalSection(ExtensibilityGlobals) = postSolution
		SolutionGuid = {D38E31DE-1B28-469C-A857-1053C5EB20BF}
	EndGlobalSection
EndGlobal
