
Microsoft Visual Studio Solution File, Format Version 12.00
# Visual Studio Version 17
VisualStudioVersion = 17.0.32014.148
MinimumVisualStudioVersion = 10.0.40219.1
Project("{FAE04EC0-301F-11D3-BF4B-00C04F79EFBC}") = "EDIUtilitiesHelper.Console", "EDIUtilitiesHelper.Console\EDIUtilitiesHelper.Console.csproj", "{E954604D-47A7-4098-8EDC-9AFFA85F86A9}"
EndProject
Global
	GlobalSection(SolutionConfigurationPlatforms) = preSolution
		Debug|Any CPU = Debug|Any CPU
		Release|Any CPU = Release|Any CPU
	EndGlobalSection
	GlobalSection(ProjectConfigurationPlatforms) = postSolution
		{E954604D-47A7-4098-8EDC-9AFFA85F86A9}.Debug|Any CPU.ActiveCfg = Debug|Any CPU
		{E954604D-47A7-4098-8EDC-9AFFA85F86A9}.Debug|Any CPU.Build.0 = Debug|Any CPU
		{E954604D-47A7-4098-8EDC-9AFFA85F86A9}.Release|Any CPU.ActiveCfg = Release|Any CPU
		{E954604D-47A7-4098-8EDC-9AFFA85F86A9}.Release|Any CPU.Build.0 = Release|Any CPU
	EndGlobalSection
	GlobalSection(SolutionProperties) = preSolution
		HideSolutionNode = FALSE
	EndGlobalSection
	GlobalSection(ExtensibilityGlobals) = postSolution
		SolutionGuid = {651885F8-F5A9-4AE0-8B6D-777773789F72}
	EndGlobalSection
EndGlobal
